{
  "name": "ndhieunguyen.github.io",
  "lockfileVersion": 3,
  "requires": true,
  "packages": {
    "": {
      "dependencies": {
        "jsonresume-theme-even": "^0.23.0",
        "prettier-plugin-liquid": "^0.0.1-security"
      },
      "devDependencies": {
        "@shopify/prettier-plugin-liquid": "1.4.0",
        "prettier": "3.1.1"
      }
    },
    "node_modules/@rbardini/html": {
      "version": "1.0.1",
      "resolved": "https://registry.npmjs.org/@rbardini/html/-/html-1.0.1.tgz",
      "integrity": "sha512-sVnvDG2ujW5R0mfubZDCnxnxHSsM1kS4ExY+Z3j7XQkY4Y7RKnM4tPi6E8OkkUmbD3NUeVWV2ObSmgaaZUHIDw==",
      "license": "MIT",
      "engines": {
        "node": ">=20"
      }
    },
    "node_modules/@shopify/liquid-html-parser": {
      "version": "2.0.0",
      "resolved": "https://registry.npmjs.org/@shopify/liquid-html-parser/-/liquid-html-parser-2.0.0.tgz",
      "integrity": "sha512-1jqA50g2/WFTnnBnaiaNVammkJLIkt+z2QU2stFN2ljnYR28ln3q0VqlXqGNS0uRojEFaVNYrJl95IzAmjP5bQ==",
      "dev": true,
      "dependencies": {
        "line-column": "^1.0.2",
        "ohm-js": "^16.3.0"
      }
    },
    "node_modules/@shopify/prettier-plugin-liquid": {
      "version": "1.4.0",
      "resolved": "https://registry.npmjs.org/@shopify/prettier-plugin-liquid/-/prettier-plugin-liquid-1.4.0.tgz",
      "integrity": "sha512-Fd0QiPi0bpSapUG0plri1+bLew9j//Q0MFKkBjkIG4RTJC76dycVysf5Dy7JvbvIjSJ4YFxaT0PBW5v9O7JItQ==",
      "dev": true,
      "dependencies": {
        "@shopify/liquid-html-parser": "^2.0.0",
        "html-styles": "^1.0.0"
      },
      "peerDependencies": {
        "prettier": "^2.0.0 || ^3.0.0"
      }
    },
    "node_modules/character-entities": {
      "version": "1.2.4",
      "resolved": "https://registry.npmjs.org/character-entities/-/character-entities-1.2.4.tgz",
      "integrity": "sha512-iBMyeEHxfVnIakwOuDXpVkc54HijNgCyQB2w0VfGQThle6NXn50zU6V/u+LDhxHcDUPojn6Kpga3PTAD8W1bQw==",
      "license": "MIT",
      "funding": {
        "type": "github",
        "url": "https://github.com/sponsors/wooorm"
      }
    },
    "node_modules/character-entities-legacy": {
      "version": "1.1.4",
      "resolved": "https://registry.npmjs.org/character-entities-legacy/-/character-entities-legacy-1.1.4.tgz",
      "integrity": "sha512-3Xnr+7ZFS1uxeiUDvV02wQ+QDbc55o97tIV5zHScSPJpcLm/r0DFPcoY3tYRp+VZukxuMeKgXYmsXQHO05zQeA==",
      "license": "MIT",
      "funding": {
        "type": "github",
        "url": "https://github.com/sponsors/wooorm"
      }
    },
    "node_modules/character-reference-invalid": {
      "version": "1.1.4",
      "resolved": "https://registry.npmjs.org/character-reference-invalid/-/character-reference-invalid-1.1.4.tgz",
      "integrity": "sha512-mKKUkUbhPpQlCOfIuZkvSEgktjPFIsZKRRbC6KWVEMvlzblj3i3asQv5ODsrwt0N3pHAEvjP8KTQPHkp0+6jOg==",
      "license": "MIT",
      "funding": {
        "type": "github",
        "url": "https://github.com/sponsors/wooorm"
      }
    },
    "node_modules/classnames": {
      "version": "2.5.1",
      "resolved": "https://registry.npmjs.org/classnames/-/classnames-2.5.1.tgz",
      "integrity": "sha512-saHYOzhIQs6wy2sVxTM6bUDsQO4F50V9RQ22qBpEdCW+I+/Wmke2HOl6lS6dTpdxVhb88/I6+Hs+438c3lfUow==",
      "license": "MIT"
    },
    "node_modules/core-js": {
      "version": "3.38.1",
      "resolved": "https://registry.npmjs.org/core-js/-/core-js-3.38.1.tgz",
      "integrity": "sha512-OP35aUorbU3Zvlx7pjsFdu1rGNnD4pgw/CWoYzRY3t2EzoVT7shKHY1dlAy3f41cGIO7ZDPQimhGFTlEYkG/Hw==",
      "hasInstallScript": true,
      "license": "MIT",
      "funding": {
        "type": "opencollective",
        "url": "https://opencollective.com/core-js"
      }
    },
    "node_modules/debug": {
      "version": "4.3.7",
      "resolved": "https://registry.npmjs.org/debug/-/debug-4.3.7.tgz",
      "integrity": "sha512-Er2nc/H7RrMXZBFCEim6TCmMk02Z8vLC2Rbi1KEBggpo0fS6l0S1nnapwmIi3yW/+GOJap1Krg4w0Hg80oCqgQ==",
      "license": "MIT",
      "dependencies": {
        "ms": "^2.1.3"
      },
      "engines": {
        "node": ">=6.0"
      },
      "peerDependenciesMeta": {
        "supports-color": {
          "optional": true
        }
      }
    },
    "node_modules/feather-icons": {
      "version": "4.29.2",
      "resolved": "https://registry.npmjs.org/feather-icons/-/feather-icons-4.29.2.tgz",
      "integrity": "sha512-0TaCFTnBTVCz6U+baY2UJNKne5ifGh7sMG4ZC2LoBWCZdIyPa+y6UiR4lEYGws1JOFWdee8KAsAIvu0VcXqiqA==",
      "license": "MIT",
      "dependencies": {
        "classnames": "^2.2.5",
        "core-js": "^3.1.3"
      }
    },
    "node_modules/html-styles": {
      "version": "1.0.0",
      "resolved": "https://registry.npmjs.org/html-styles/-/html-styles-1.0.0.tgz",
      "integrity": "sha512-cDl5dcj73oI4Hy0DSUNh54CAwslNLJRCCoO+RNkVo+sBrjA/0+7E/xzvj3zH/GxbbBLGJhE0hBe1eg+0FINC6w==",
      "dev": true
    },
    "node_modules/is-alphabetical": {
      "version": "1.0.4",
      "resolved": "https://registry.npmjs.org/is-alphabetical/-/is-alphabetical-1.0.4.tgz",
      "integrity": "sha512-DwzsA04LQ10FHTZuL0/grVDk4rFoVH1pjAToYwBrHSxcrBIGQuXrQMtD5U1b0U2XVgKZCTLLP8u2Qxqhy3l2Vg==",
      "license": "MIT",
      "funding": {
        "type": "github",
        "url": "https://github.com/sponsors/wooorm"
      }
    },
    "node_modules/is-alphanumerical": {
      "version": "1.0.4",
      "resolved": "https://registry.npmjs.org/is-alphanumerical/-/is-alphanumerical-1.0.4.tgz",
      "integrity": "sha512-UzoZUr+XfVz3t3v4KyGEniVL9BDRoQtY7tOyrRybkVNjDFWyo1yhXNGrrBTQxp3ib9BLAWs7k2YKBQsFRkZG9A==",
      "license": "MIT",
      "dependencies": {
        "is-alphabetical": "^1.0.0",
        "is-decimal": "^1.0.0"
      },
      "funding": {
        "type": "github",
        "url": "https://github.com/sponsors/wooorm"
      }
    },
    "node_modules/is-decimal": {
      "version": "1.0.4",
      "resolved": "https://registry.npmjs.org/is-decimal/-/is-decimal-1.0.4.tgz",
      "integrity": "sha512-RGdriMmQQvZ2aqaQq3awNA6dCGtKpiDFcOzrTWrDAT2MiWrKQVPmxLGHl7Y2nNu6led0kEyoX0enY0qXYsv9zw==",
      "license": "MIT",
      "funding": {
        "type": "github",
        "url": "https://github.com/sponsors/wooorm"
      }
    },
    "node_modules/is-hexadecimal": {
      "version": "1.0.4",
      "resolved": "https://registry.npmjs.org/is-hexadecimal/-/is-hexadecimal-1.0.4.tgz",
      "integrity": "sha512-gyPJuv83bHMpocVYoqof5VDiZveEoGoFL8m3BXNb2VW8Xs+rz9kqO8LOQ5DH6EsuvilT1ApazU0pyl+ytbPtlw==",
      "license": "MIT",
      "funding": {
        "type": "github",
        "url": "https://github.com/sponsors/wooorm"
      }
    },
    "node_modules/isarray": {
      "version": "1.0.0",
      "resolved": "https://registry.npmjs.org/isarray/-/isarray-1.0.0.tgz",
      "integrity": "sha512-VLghIWNM6ELQzo7zwmcg0NmTVyWKYjvIeM83yjp0wRDTmUnrM678fQbcKBo6n2CJEF0szoG//ytg+TKla89ALQ==",
      "dev": true
    },
    "node_modules/isobject": {
      "version": "2.1.0",
      "resolved": "https://registry.npmjs.org/isobject/-/isobject-2.1.0.tgz",
      "integrity": "sha512-+OUdGJlgjOBZDfxnDjYYG6zp487z0JGNQq3cYQYg5f5hKR+syHMsaztzGeml/4kGG55CSpKSpWTY+jYGgsHLgA==",
      "dev": true,
      "dependencies": {
        "isarray": "1.0.0"
      },
      "engines": {
        "node": ">=0.10.0"
      }
    },
    "node_modules/jsonresume-theme-even": {
      "version": "0.23.0",
      "resolved": "https://registry.npmjs.org/jsonresume-theme-even/-/jsonresume-theme-even-0.23.0.tgz",
      "integrity": "sha512-LHPtEhxtJsjSqdgHotdO5++XWyVkefibk7ISd94qxXRa0U4c5YeZZUFhpw7DNH2g2uitmi2Pj2B0ydz/swaEyg==",
      "license": "MIT",
      "dependencies": {
        "@rbardini/html": "^1.0.0",
        "feather-icons": "^4.28.0",
        "micromark": "^2.11.0",
        "striptags": "^3.2.0"
      },
      "bin": {
        "jsonresume-theme-even": "bin/cli.js"
      }
    },
    "node_modules/line-column": {
      "version": "1.0.2",
      "resolved": "https://registry.npmjs.org/line-column/-/line-column-1.0.2.tgz",
      "integrity": "sha512-Ktrjk5noGYlHsVnYWh62FLVs4hTb8A3e+vucNZMgPeAOITdshMSgv4cCZQeRDjm7+goqmo6+liZwTXo+U3sVww==",
      "dev": true,
      "dependencies": {
        "isarray": "^1.0.0",
        "isobject": "^2.0.0"
      }
    },
    "node_modules/micromark": {
      "version": "2.11.4",
      "resolved": "https://registry.npmjs.org/micromark/-/micromark-2.11.4.tgz",
      "integrity": "sha512-+WoovN/ppKolQOFIAajxi7Lu9kInbPxFuTBVEavFcL8eAfVstoc5MocPmqBeAdBOJV00uaVjegzH4+MA0DN/uA==",
      "funding": [
        {
          "type": "GitHub Sponsors",
          "url": "https://github.com/sponsors/unifiedjs"
        },
        {
          "type": "OpenCollective",
          "url": "https://opencollective.com/unified"
        }
      ],
      "license": "MIT",
      "dependencies": {
        "debug": "^4.0.0",
        "parse-entities": "^2.0.0"
      }
    },
    "node_modules/ms": {
      "version": "2.1.3",
      "resolved": "https://registry.npmjs.org/ms/-/ms-2.1.3.tgz",
      "integrity": "sha512-6FlzubTLZG3J2a/NVCAleEhjzq5oxgHyaCU9yYXvcLsvoVaHJq/s5xXI6/XXP6tz7R9xAOtHnSO/tXtF3WRTlA==",
      "license": "MIT"
    },
    "node_modules/ohm-js": {
      "version": "16.6.0",
      "resolved": "https://registry.npmjs.org/ohm-js/-/ohm-js-16.6.0.tgz",
      "integrity": "sha512-X9P4koSGa7swgVQ0gt71UCYtkAQGOjciJPJAz74kDxWt8nXbH5HrDOQG6qBDH7SR40ktNv4x61BwpTDE9q4lRA==",
      "dev": true,
      "engines": {
        "node": ">=0.12.1"
      }
    },
    "node_modules/parse-entities": {
      "version": "2.0.0",
      "resolved": "https://registry.npmjs.org/parse-entities/-/parse-entities-2.0.0.tgz",
      "integrity": "sha512-kkywGpCcRYhqQIchaWqZ875wzpS/bMKhz5HnN3p7wveJTkTtyAB/AlnS0f8DFSqYW1T82t6yEAkEcB+A1I3MbQ==",
      "license": "MIT",
      "dependencies": {
        "character-entities": "^1.0.0",
        "character-entities-legacy": "^1.0.0",
        "character-reference-invalid": "^1.0.0",
        "is-alphanumerical": "^1.0.0",
        "is-decimal": "^1.0.0",
        "is-hexadecimal": "^1.0.0"
      },
      "funding": {
        "type": "github",
        "url": "https://github.com/sponsors/wooorm"
      }
    },
    "node_modules/prettier": {
      "version": "3.1.1",
      "resolved": "https://registry.npmjs.org/prettier/-/prettier-3.1.1.tgz",
      "integrity": "sha512-22UbSzg8luF4UuZtzgiUOfcGM8s4tjBv6dJRT7j275NXsy2jb4aJa4NNveul5x4eqlF1wuhuR2RElK71RvmVaw==",
      "dev": true,
      "bin": {
        "prettier": "bin/prettier.cjs"
      },
      "engines": {
        "node": ">=14"
      },
      "funding": {
        "url": "https://github.com/prettier/prettier?sponsor=1"
      }
    },
    "node_modules/prettier-plugin-liquid": {
      "version": "0.0.1-security",
      "resolved": "https://registry.npmjs.org/prettier-plugin-liquid/-/prettier-plugin-liquid-0.0.1-security.tgz",
      "integrity": "sha512-/ohWkl/a9W65sy+dpczGAnrhcJqavnYT62TfemhBJPcZArf5UNjhj1ICUWQcTMhSWqTPdp8s1z5cPRCWrTLEag=="
    },
    "node_modules/striptags": {
      "version": "3.2.0",
      "resolved": "https://registry.npmjs.org/striptags/-/striptags-3.2.0.tgz",
      "integrity": "sha512-g45ZOGzHDMe2bdYMdIvdAfCQkCTDMGBazSw1ypMowwGIee7ZQ5dU0rBJ8Jqgl+jAKIv4dbeE1jscZq9wid1Tkw==",
      "license": "MIT"
    }
  }
}
